
Microsoft Visual Studio Solution File, Format Version 12.00
# Visual Studio Version 17
VisualStudioVersion = 17.10.34607.79
MinimumVisualStudioVersion = 10.0.40219.1
Project("{FAE04EC0-301F-11D3-BF4B-00C04F79EFBC}") = "Demo.PL", "Demo.PL\Demo.PL.csproj", "{EA976AF1-1870-4602-AAB3-F0B8B06A11B3}"
EndProject
Project("{FAE04EC0-301F-11D3-BF4B-00C04F79EFBC}") = "Demo.DAL", "Demo.DAL\Demo.DAL.csproj", "{5E45D368-9390-4C0F-9B51-B27172A35CA5}"
EndProject
Project("{FAE04EC0-301F-11D3-BF4B-00C04F79EFBC}") = "Demo.BL", "Demo.BL\Demo.BL.csproj", "{3C5BAF56-3DDC-4CE9-8032-DF711421DE9E}"
EndProject
Global
	GlobalSection(SolutionConfigurationPlatforms) = preSolution
		Debug|Any CPU = Debug|Any CPU
		Release|Any CPU = Release|Any CPU
	EndGlobalSection
	GlobalSection(ProjectConfigurationPlatforms) = postSolution
		{EA976AF1-1870-4602-AAB3-F0B8B06A11B3}.Debug|Any CPU.ActiveCfg = Debug|Any CPU
		{EA976AF1-1870-4602-AAB3-F0B8B06A11B3}.Debug|Any CPU.Build.0 = Debug|Any CPU
		{EA976AF1-1870-4602-AAB3-F0B8B06A11B3}.Release|Any CPU.ActiveCfg = Release|Any CPU
		{EA976AF1-1870-4602-AAB3-F0B8B06A11B3}.Release|Any CPU.Build.0 = Release|Any CPU
		{5E45D368-9390-4C0F-9B51-B27172A35CA5}.Debug|Any CPU.ActiveCfg = Debug|Any CPU
		{5E45D368-9390-4C0F-9B51-B27172A35CA5}.Debug|Any CPU.Build.0 = Debug|Any CPU
		{5E45D368-9390-4C0F-9B51-B27172A35CA5}.Release|Any CPU.ActiveCfg = Release|Any CPU
		{5E45D368-9390-4C0F-9B51-B27172A35CA5}.Release|Any CPU.Build.0 = Release|Any CPU
		{3C5BAF56-3DDC-4CE9-8032-DF711421DE9E}.Debug|Any CPU.ActiveCfg = Debug|Any CPU
		{3C5BAF56-3DDC-4CE9-8032-DF711421DE9E}.Debug|Any CPU.Build.0 = Debug|Any CPU
		{3C5BAF56-3DDC-4CE9-8032-DF711421DE9E}.Release|Any CPU.ActiveCfg = Release|Any CPU
		{3C5BAF56-3DDC-4CE9-8032-DF711421DE9E}.Release|Any CPU.Build.0 = Release|Any CPU
	EndGlobalSection
	GlobalSection(SolutionProperties) = preSolution
		HideSolutionNode = FALSE
	EndGlobalSection
	GlobalSection(ExtensibilityGlobals) = postSolution
		SolutionGuid = {D991DB99-6BFF-4971-9C72-4ACB9EC14C79}
	EndGlobalSection
EndGlobal
